
Microsoft Visual Studio Solution File, Format Version 12.00
# Visual Studio Version 17
VisualStudioVersion = 17.3.32929.385
MinimumVisualStudioVersion = 10.0.40219.1
Project("{888888A0-9F3D-457C-B088-3A5042F75D52}") = "py.02", "py.02\py.02.pyproj", "{2F6DECBE-A39D-44BD-927D-E448AC968545}"
EndProject
Global
	GlobalSection(SolutionConfigurationPlatforms) = preSolution
		Debug|Any CPU = Debug|Any CPU
		Release|Any CPU = Release|Any CPU
	EndGlobalSection
	GlobalSection(ProjectConfigurationPlatforms) = postSolution
		{2F6DECBE-A39D-44BD-927D-E448AC968545}.Debug|Any CPU.ActiveCfg = Debug|Any CPU
		{2F6DECBE-A39D-44BD-927D-E448AC968545}.Release|Any CPU.ActiveCfg = Release|Any CPU
	EndGlobalSection
	GlobalSection(SolutionProperties) = preSolution
		HideSolutionNode = FALSE
	EndGlobalSection
	GlobalSection(ExtensibilityGlobals) = postSolution
		SolutionGuid = {B2AD367B-AB65-412F-83BD-674ACF8E24E4}
	EndGlobalSection
EndGlobal
