
Microsoft Visual Studio Solution File, Format Version 12.00
# Visual Studio Version 17
VisualStudioVersion = 17.3.32929.385
MinimumVisualStudioVersion = 10.0.40219.1
Project("{888888A0-9F3D-457C-B088-3A5042F75D52}") = "py.01", "py.01\py.01.pyproj", "{127148A8-2238-4DC7-B5F5-8A756A785F78}"
EndProject
Global
	GlobalSection(SolutionConfigurationPlatforms) = preSolution
		Debug|Any CPU = Debug|Any CPU
		Release|Any CPU = Release|Any CPU
	EndGlobalSection
	GlobalSection(ProjectConfigurationPlatforms) = postSolution
		{127148A8-2238-4DC7-B5F5-8A756A785F78}.Debug|Any CPU.ActiveCfg = Debug|Any CPU
		{127148A8-2238-4DC7-B5F5-8A756A785F78}.Release|Any CPU.ActiveCfg = Release|Any CPU
	EndGlobalSection
	GlobalSection(SolutionProperties) = preSolution
		HideSolutionNode = FALSE
	EndGlobalSection
	GlobalSection(ExtensibilityGlobals) = postSolution
		SolutionGuid = {7A245546-D1DA-425A-9116-5B4EB3EE342D}
	EndGlobalSection
EndGlobal
